
Microsoft Visual Studio Solution File, Format Version 12.00
# Visual Studio Version 17
VisualStudioVersion = 17.3.32825.248
MinimumVisualStudioVersion = 10.0.40219.1
Project("{FAE04EC0-301F-11D3-BF4B-00C04F79EFBC}") = "MiniApi", "MiniApi\MiniApi.csproj", "{68D43D84-2BE2-4AF2-BC6F-EFCE21029B4A}"
EndProject
Global
	GlobalSection(SolutionConfigurationPlatforms) = preSolution
		Debug|Any CPU = Debug|Any CPU
		Release|Any CPU = Release|Any CPU
	EndGlobalSection
	GlobalSection(ProjectConfigurationPlatforms) = postSolution
		{68D43D84-2BE2-4AF2-BC6F-EFCE21029B4A}.Debug|Any CPU.ActiveCfg = Debug|Any CPU
		{68D43D84-2BE2-4AF2-BC6F-EFCE21029B4A}.Debug|Any CPU.Build.0 = Debug|Any CPU
		{68D43D84-2BE2-4AF2-BC6F-EFCE21029B4A}.Release|Any CPU.ActiveCfg = Release|Any CPU
		{68D43D84-2BE2-4AF2-BC6F-EFCE21029B4A}.Release|Any CPU.Build.0 = Release|Any CPU
	EndGlobalSection
	GlobalSection(SolutionProperties) = preSolution
		HideSolutionNode = FALSE
	EndGlobalSection
	GlobalSection(ExtensibilityGlobals) = postSolution
		SolutionGuid = {7B8A9144-2D96-427A-AFEF-C6D0C7DE5B33}
	EndGlobalSection
EndGlobal
